
Microsoft Visual Studio Solution File, Format Version 12.00
# Visual Studio 15
VisualStudioVersion = 15.0.28307.1062
MinimumVisualStudioVersion = 10.0.40219.1
Project("{FAE04EC0-301F-11D3-BF4B-00C04F79EFBC}") = "TestThreading", "TestThreading\TestThreading.csproj", "{70A44B1A-802B-4ECB-9EF1-D1F17E2FD582}"
EndProject
Global
	GlobalSection(SolutionConfigurationPlatforms) = preSolution
		Debug|Any CPU = Debug|Any CPU
		Release|Any CPU = Release|Any CPU
	EndGlobalSection
	GlobalSection(ProjectConfigurationPlatforms) = postSolution
		{70A44B1A-802B-4ECB-9EF1-D1F17E2FD582}.Debug|Any CPU.ActiveCfg = Debug|Any CPU
		{70A44B1A-802B-4ECB-9EF1-D1F17E2FD582}.Debug|Any CPU.Build.0 = Debug|Any CPU
		{70A44B1A-802B-4ECB-9EF1-D1F17E2FD582}.Release|Any CPU.ActiveCfg = Release|Any CPU
		{70A44B1A-802B-4ECB-9EF1-D1F17E2FD582}.Release|Any CPU.Build.0 = Release|Any CPU
	EndGlobalSection
	GlobalSection(SolutionProperties) = preSolution
		HideSolutionNode = FALSE
	EndGlobalSection
	GlobalSection(ExtensibilityGlobals) = postSolution
		SolutionGuid = {5FFAF5F4-FD19-4AE7-8479-0122C13F266B}
	EndGlobalSection
EndGlobal
